
Microsoft Visual Studio Solution File, Format Version 12.00
# Visual Studio Version 17
VisualStudioVersion = 17.4.33205.214
MinimumVisualStudioVersion = 10.0.40219.1
Project("{9A19103F-16F7-4668-BE54-9A1E7A4F7556}") = "SecretMessage.WPF", "SecretMessage.WPF\SecretMessage.WPF.csproj", "{63C60591-8FF5-43C9-9BC7-8B8AEC57FBEB}"
EndProject
Project("{FAE04EC0-301F-11D3-BF4B-00C04F79EFBC}") = "SecretMessage.API", "SecretMessage.API\SecretMessage.API.csproj", "{A3BCFC6C-997E-4EE3-ADAF-C061794DDD37}"
EndProject
Global
	GlobalSection(SolutionConfigurationPlatforms) = preSolution
		Debug|Any CPU = Debug|Any CPU
		Release|Any CPU = Release|Any CPU
	EndGlobalSection
	GlobalSection(ProjectConfigurationPlatforms) = postSolution
		{63C60591-8FF5-43C9-9BC7-8B8AEC57FBEB}.Debug|Any CPU.ActiveCfg = Debug|Any CPU
		{63C60591-8FF5-43C9-9BC7-8B8AEC57FBEB}.Debug|Any CPU.Build.0 = Debug|Any CPU
		{63C60591-8FF5-43C9-9BC7-8B8AEC57FBEB}.Release|Any CPU.ActiveCfg = Release|Any CPU
		{63C60591-8FF5-43C9-9BC7-8B8AEC57FBEB}.Release|Any CPU.Build.0 = Release|Any CPU
		{A3BCFC6C-997E-4EE3-ADAF-C061794DDD37}.Debug|Any CPU.ActiveCfg = Debug|Any CPU
		{A3BCFC6C-997E-4EE3-ADAF-C061794DDD37}.Debug|Any CPU.Build.0 = Debug|Any CPU
		{A3BCFC6C-997E-4EE3-ADAF-C061794DDD37}.Release|Any CPU.ActiveCfg = Release|Any CPU
		{A3BCFC6C-997E-4EE3-ADAF-C061794DDD37}.Release|Any CPU.Build.0 = Release|Any CPU
	EndGlobalSection
	GlobalSection(SolutionProperties) = preSolution
		HideSolutionNode = FALSE
	EndGlobalSection
	GlobalSection(ExtensibilityGlobals) = postSolution
		SolutionGuid = {7D7E2844-DD83-4617-8F07-3312F9325E00}
	EndGlobalSection
EndGlobal
